
Microsoft Visual Studio Solution File, Format Version 10.00
# Visual Studio 2008
Project("{FAE04EC0-301F-11D3-BF4B-00C04F79EFBC}") = "лаб очередная", "лаб очередная.csproj", "{8DCE8D08-9363-4DFC-96C3-1C668A6A4FAC}"
EndProject
Global
	GlobalSection(SolutionConfigurationPlatforms) = preSolution
		Debug|Any CPU = Debug|Any CPU
		Release|Any CPU = Release|Any CPU
	EndGlobalSection
	GlobalSection(ProjectConfigurationPlatforms) = postSolution
		{8DCE8D08-9363-4DFC-96C3-1C668A6A4FAC}.Debug|Any CPU.ActiveCfg = Debug|Any CPU
		{8DCE8D08-9363-4DFC-96C3-1C668A6A4FAC}.Debug|Any CPU.Build.0 = Debug|Any CPU
		{8DCE8D08-9363-4DFC-96C3-1C668A6A4FAC}.Release|Any CPU.ActiveCfg = Release|Any CPU
		{8DCE8D08-9363-4DFC-96C3-1C668A6A4FAC}.Release|Any CPU.Build.0 = Release|Any CPU
	EndGlobalSection
	GlobalSection(SolutionProperties) = preSolution
		HideSolutionNode = FALSE
	EndGlobalSection
EndGlobal
